lockfileVersion: '9.0'

settings:
  autoInstallPeers: true
  excludeLinksFromLockfile: false

importers:

  .:
    dependencies:
      '@openrouter/sdk':
        specifier: ^0.13.24
        version: 0.13.67
      dotenv:
        specifier: ^17.4.2
        version: 17.4.2
      wikijs:
        specifier: ^6.4.1
        version: 6.4.1
    devDependencies:
      '@omniroute/opencode-provider':
        specifier: ^0.1.0
        version: 0.1.0

packages:

  '@omniroute/opencode-provider@0.1.0':
    resolution: {integrity: sha512-1X5/VXMahmgrjwu6gAAQzZwZuPf26k+eRKdvbGrD6wAhRg56FRDH69cb9bKWtM6wqRqvqINb1kYVnWXWCO10CQ==}
    engines: {node: '>=20.20.2'}

  '@openrouter/sdk@0.13.67':
    resolution: {integrity: sha512-kUVaFYA9Xehq67ndTk98i+tRLfYH/F6xSf/WuC8dsukBzcgBvYQydoeKw4Xe+peXG/wOVtDxukWt5SqzhbloKw==}

  camelcase@4.1.0:
    resolution: {integrity: sha512-FxAv7HpHrXbh3aPo4o2qxHay2lkLY3x5Mw3KeE4KQE8ysVfziWeRZDwcjauvwBSGEC/nXUPzZy8zeh4HokqOnw==}
    engines: {node: '>=4'}

  cross-fetch@3.2.0:
    resolution: {integrity: sha512-Q+xVJLoGOeIMXZmbUK4HYk+69cQH6LudR0Vu/pRm2YlU/hDV9CiS0gKUMaWY5f2NeUH9C1nV3bsTlCo0FsTV1Q==}

  dotenv@17.4.2:
    resolution: {integrity: sha512-nI4U3TottKAcAD9LLud4Cb7b2QztQMUEfHbvhTH09bqXTxnSie8WnjPALV/WMCrJZ6UV/qHJ6L03OqO3LcdYZw==}
    engines: {node: '>=12'}

  hyntax@1.1.9:
    resolution: {integrity: sha512-xjxyDLbVDdLgjPnl4NM+Iu6il3UPmk6PNCBXruQKeuKDc/HtaZx1hk1AtMgw3vsn9YnLZRfoBpPxYMXcoT5KAA==}
    engines: {node: '>=6.11.1', npm: '>=5.3.0'}

  infobox-parser@3.6.2:
    resolution: {integrity: sha512-lasdwvbtjCtDDO6mArAs/ueFEnBJRyo2UbZPAkd5rEG5NVJ3XFCOvbMwNTT/rJlFv1+ORw8D3UvZV4brpgATCg==}

  node-fetch@2.7.0:
    resolution: {integrity: sha512-c4FRfUm/dbcWZ7U+1Wq0AwCyFL+3nt2bEw05wfxSz+DWpWsitgmSgYmy2dQdWyKC1694ELPqMs/YzUSNozLt8A==}
    engines: {node: 4.x || >=6.0.0}
    peerDependencies:
      encoding: ^0.1.0
    peerDependenciesMeta:
      encoding:
        optional: true

  tr46@0.0.3:
    resolution: {integrity: sha512-N3WMsuqV66lT30CrXNbEjx4GEwlow3v6rr4mCcv6prnfwhS01rkgyFdjPNBYd9br7LpXV1+Emh01fHnq2Gdgrw==}

  webidl-conversions@3.0.1:
    resolution: {integrity: sha512-2JAn3z8AR6rjK8Sm8orRC0h/bcl/DqL7tRPdGZ4I1CjdF+EaMLmYxBHyXuKL849eucPFhvBoxMsflfOb8kxaeQ==}

  whatwg-url@5.0.0:
    resolution: {integrity: sha512-saE57nupxk6v3HY35+jzBwYa0rKSy0XR8JSxZPwgLr7ys0IBzhGviA1/TUGJLmSVqs8pb9AnvICXEuOHLprYTw==}

  wikijs@6.4.1:
    resolution: {integrity: sha512-fnYyT9ISD9hFgAxFJu7Kzsomz48w7FpvvAfTuArvkMQY1bG9JPXoyURqUzYGcQA8FCq6MuZfjqT/6hP8Mh4hQA==}
    engines: {node: '>=0.10.4'}

  zod@4.6.2:
    resolution: {integrity: sha512-lh5RCAGFa1Cm2hjtNwLQhSs/AsqdWnTQaBER9fEwN/88pSh7KOtJavtBx/0VlkN/uFd61SwYmljLMDAsHlvzBQ==}

snapshots:

  '@omniroute/opencode-provider@0.1.0': {}

  '@openrouter/sdk@0.13.67':
    dependencies:
      zod: 4.6.2

  camelcase@4.1.0: {}

  cross-fetch@3.2.0:
    dependencies:
      node-fetch: 2.7.0
    transitivePeerDependencies:
      - encoding

  dotenv@17.4.2: {}

  hyntax@1.1.9: {}

  infobox-parser@3.6.2:
    dependencies:
      camelcase: 4.1.0

  node-fetch@2.7.0:
    dependencies:
      whatwg-url: 5.0.0

  tr46@0.0.3: {}

  webidl-conversions@3.0.1: {}

  whatwg-url@5.0.0:
    dependencies:
      tr46: 0.0.3
      webidl-conversions: 3.0.1

  wikijs@6.4.1:
    dependencies:
      cross-fetch: 3.2.0
      hyntax: 1.1.9
      infobox-parser: 3.6.2
    transitivePeerDependencies:
      - encoding

  zod@4.6.2: {}
